
Microsoft Visual Studio Solution File, Format Version 12.00
# Visual Studio Version 17
VisualStudioVersion = 17.0.31903.59
MinimumVisualStudioVersion = 10.0.40219.1
Project("{FAE04EC0-301F-11D3-BF4B-00C04F79EFBC}") = "Dima.Core", "Dima.Core\Dima.Core.csproj", "{3F978949-B7B1-4B64-BADB-D1FEA2C72FAD}"
EndProject
Project("{FAE04EC0-301F-11D3-BF4B-00C04F79EFBC}") = "Dima.Api", "Dima.Api\Dima.Api.csproj", "{0DEAD569-EF6E-4D1E-8ACE-B6E944EA4218}"
EndProject
Global
	GlobalSection(SolutionConfigurationPlatforms) = preSolution
		Debug|Any CPU = Debug|Any CPU
		Release|Any CPU = Release|Any CPU
	EndGlobalSection
	GlobalSection(SolutionProperties) = preSolution
		HideSolutionNode = FALSE
	EndGlobalSection
	GlobalSection(ProjectConfigurationPlatforms) = postSolution
		{3F978949-B7B1-4B64-BADB-D1FEA2C72FAD}.Debug|Any CPU.ActiveCfg = Debug|Any CPU
		{3F978949-B7B1-4B64-BADB-D1FEA2C72FAD}.Debug|Any CPU.Build.0 = Debug|Any CPU
		{3F978949-B7B1-4B64-BADB-D1FEA2C72FAD}.Release|Any CPU.ActiveCfg = Release|Any CPU
		{3F978949-B7B1-4B64-BADB-D1FEA2C72FAD}.Release|Any CPU.Build.0 = Release|Any CPU
		{0DEAD569-EF6E-4D1E-8ACE-B6E944EA4218}.Debug|Any CPU.ActiveCfg = Debug|Any CPU
		{0DEAD569-EF6E-4D1E-8ACE-B6E944EA4218}.Debug|Any CPU.Build.0 = Debug|Any CPU
		{0DEAD569-EF6E-4D1E-8ACE-B6E944EA4218}.Release|Any CPU.ActiveCfg = Release|Any CPU
		{0DEAD569-EF6E-4D1E-8ACE-B6E944EA4218}.Release|Any CPU.Build.0 = Release|Any CPU
	EndGlobalSection
EndGlobal
